
Microsoft Visual Studio Solution File, Format Version 12.00
# Visual Studio Version 17
VisualStudioVersion = 17.11.35327.3
MinimumVisualStudioVersion = 10.0.40219.1
Project("{8BC9CEB8-8B4A-11D0-8D11-00A0C91BC942}") = "HW2", "HW2\HW2.vcxproj", "{18D626AF-03FD-4D07-978F-4F3EF4435553}"
EndProject
Global
	GlobalSection(SolutionConfigurationPlatforms) = preSolution
		Debug|x64 = Debug|x64
		Debug|x86 = Debug|x86
		Release|x64 = Release|x64
		Release|x86 = Release|x86
	EndGlobalSection
	GlobalSection(ProjectConfigurationPlatforms) = postSolution
		{18D626AF-03FD-4D07-978F-4F3EF4435553}.Debug|x64.ActiveCfg = Debug|x64
		{18D626AF-03FD-4D07-978F-4F3EF4435553}.Debug|x64.Build.0 = Debug|x64
		{18D626AF-03FD-4D07-978F-4F3EF4435553}.Debug|x86.ActiveCfg = Debug|Win32
		{18D626AF-03FD-4D07-978F-4F3EF4435553}.Debug|x86.Build.0 = Debug|Win32
		{18D626AF-03FD-4D07-978F-4F3EF4435553}.Release|x64.ActiveCfg = Release|x64
		{18D626AF-03FD-4D07-978F-4F3EF4435553}.Release|x64.Build.0 = Release|x64
		{18D626AF-03FD-4D07-978F-4F3EF4435553}.Release|x86.ActiveCfg = Release|Win32
		{18D626AF-03FD-4D07-978F-4F3EF4435553}.Release|x86.Build.0 = Release|Win32
	EndGlobalSection
	GlobalSection(SolutionProperties) = preSolution
		HideSolutionNode = FALSE
	EndGlobalSection
	GlobalSection(ExtensibilityGlobals) = postSolution
		SolutionGuid = {B1718F83-C79B-47A3-B285-94618F180AF1}
	EndGlobalSection
EndGlobal
